// !$*UTF8*$!
{
	archiveVersion = 1;
	classes = {
	};
	objectVersion = 77;
	objects = {

/* Begin PBXBuildFile section */
		2DDB862B2D08558C00E7F7A7 /* README.md in Resources */ = {isa = PBXBuildFile; fileRef = 2DDB862A2D08558100E7F7A7 /* README.md */; };
/* End PBXBuildFile section */

/* Begin PBXContainerItemProxy section */
		2DB747072D07FF5A00C5211A /* PBXContainerItemProxy */ = {
			isa = PBXContainerItemProxy;
			containerPortal = 2DB746ED2D07FF5700C5211A /* Project object */;
			proxyType = 1;
			remoteGlobalIDString = 2DB746F42D07FF5700C5211A;
			remoteInfo = "edge-tts-mac";
		};
		2DB747112D07FF5A00C5211A /* PBXContainerItemProxy */ = {
			isa = PBXContainerItemProxy;
			containerPortal = 2DB746ED2D07FF5700C5211A /* Project object */;
			proxyType = 1;
			remoteGlobalIDString = 2DB746F42D07FF5700C5211A;
			remoteInfo = "edge-tts-mac";
		};
/* End PBXContainerItemProxy section */

/* Begin PBXFileReference section */
		2DB746F52D07FF5700C5211A /* edge-tts-mac.app */ = {isa = PBXFileReference; explicitFileType = wrapper.application; includeInIndex = 0; path = "edge-tts-mac.app"; sourceTree = BUILT_PRODUCTS_DIR; };
		2DB747062D07FF5A00C5211A /* edge-tts-macTests.xctest */ = {isa = PBXFileReference; explicitFileType = wrapper.cfbundle; includeInIndex = 0; path = "edge-tts-macTests.xctest"; sourceTree = BUILT_PRODUCTS_DIR; };
		2DB747102D07FF5A00C5211A /* edge-tts-macUITests.xctest */ = {isa = PBXFileReference; explicitFileType = wrapper.cfbundle; includeInIndex = 0; path = "edge-tts-macUITests.xctest"; sourceTree = BUILT_PRODUCTS_DIR; };
		2DDB862A2D08558100E7F7A7 /* README.md */ = {isa = PBXFileReference; lastKnownFileType = net.daringfireball.markdown; path = README.md; sourceTree = "<group>"; };
/* End PBXFileReference section */

/* Begin PBXFileSystemSynchronizedRootGroup section */
		2DB746F72D07FF5700C5211A /* edge-tts-mac */ = {
			isa = PBXFileSystemSynchronizedRootGroup;
			path = "edge-tts-mac";
			sourceTree = "<group>";
		};
		2DB747092D07FF5A00C5211A /* edge-tts-macTests */ = {
			isa = PBXFileSystemSynchronizedRootGroup;
			path = "edge-tts-macTests";
			sourceTree = "<group>";
		};
		2DB747132D07FF5A00C5211A /* edge-tts-macUITests */ = {
			isa = PBXFileSystemSynchronizedRootGroup;
			path = "edge-tts-macUITests";
			sourceTree = "<group>";
		};
/* End PBXFileSystemSynchronizedRootGroup section */

/* Begin PBXFrameworksBuildPhase section */
		2DB746F22D07FF5700C5211A /* Frameworks */ = {
			isa = PBXFrameworksBuildPhase;
			buildActionMask = 2147483647;
			files = (
			);
			runOnlyForDeploymentPostprocessing = 0;
		};
		2DB747032D07FF5A00C5211A /* Frameworks */ = {
			isa = PBXFrameworksBuildPhase;
			buildActionMask = 2147483647;
			files = (
			);
			runOnlyForDeploymentPostprocessing = 0;
		};
		2DB7470D2D07FF5A00C5211A /* Frameworks */ = {
			isa = PBXFrameworksBuildPhase;
			buildActionMask = 2147483647;
			files = (
			);
			runOnlyForDeploymentPostprocessing = 0;
		};
/* End PBXFrameworksBuildPhase section */

/* Begin PBXGroup section */
		2DB746EC2D07FF5700C5211A = {
			isa = PBXGroup;
			children = (
				2DDB862A2D08558100E7F7A7 /* README.md */,
				2DB746F72D07FF5700C5211A /* edge-tts-mac */,
				2DB747092D07FF5A00C5211A /* edge-tts-macTests */,
				2DB747132D07FF5A00C5211A /* edge-tts-macUITests */,
				2DB746F62D07FF5700C5211A /* Products */,
			);
			sourceTree = "<group>";
		};
		2DB746F62D07FF5700C5211A /* Products */ = {
			isa = PBXGroup;
			children = (
				2DB746F52D07FF5700C5211A /* edge-tts-mac.app */,
				2DB747062D07FF5A00C5211A /* edge-tts-macTests.xctest */,
				2DB747102D07FF5A00C5211A /* edge-tts-macUITests.xctest */,
			);
			name = Products;
			sourceTree = "<group>";
		};
/* End PBXGroup section */

/* Begin PBXNativeTarget section */
		2DB746F42D07FF5700C5211A /* edge-tts-mac */ = {
			isa = PBXNativeTarget;
			buildConfigurationList = 2DB7471A2D07FF5A00C5211A /* Build configuration list for PBXNativeTarget "edge-tts-mac" */;
			buildPhases = (
				2DB746F12D07FF5700C5211A /* Sources */,
				2DB746F22D07FF5700C5211A /* Frameworks */,
				2DB746F32D07FF5700C5211A /* Resources */,
			);
			buildRules = (
			);
			dependencies = (
			);
			fileSystemSynchronizedGroups = (
				2DB746F72D07FF5700C5211A /* edge-tts-mac */,
			);
			name = "edge-tts-mac";
			packageProductDependencies = (
			);
			productName = "edge-tts-mac";
			productReference = 2DB746F52D07FF5700C5211A /* edge-tts-mac.app */;
			productType = "com.apple.product-type.application";
		};
		2DB747052D07FF5A00C5211A /* edge-tts-macTests */ = {
			isa = PBXNativeTarget;
			buildConfigurationList = 2DB7471D2D07FF5A00C5211A /* Build configuration list for PBXNativeTarget "edge-tts-macTests" */;
			buildPhases = (
				2DB747022D07FF5A00C5211A /* Sources */,
				2DB747032D07FF5A00C5211A /* Frameworks */,
				2DB747042D07FF5A00C5211A /* Resources */,
			);
			buildRules = (
			);
			dependencies = (
				2DB747082D07FF5A00C5211A /* PBXTargetDependency */,
			);
			fileSystemSynchronizedGroups = (
				2DB747092D07FF5A00C5211A /* edge-tts-macTests */,
			);
			name = "edge-tts-macTests";
			packageProductDependencies = (
			);
			productName = "edge-tts-macTests";
			productReference = 2DB747062D07FF5A00C5211A /* edge-tts-macTests.xctest */;
			productType = "com.apple.product-type.bundle.unit-test";
		};
		2DB7470F2D07FF5A00C5211A /* edge-tts-macUITests */ = {
			isa = PBXNativeTarget;
			buildConfigurationList = 2DB747202D07FF5A00C5211A /* Build configuration list for PBXNativeTarget "edge-tts-macUITests" */;
			buildPhases = (
				2DB7470C2D07FF5A00C5211A /* Sources */,
				2DB7470D2D07FF5A00C5211A /* Frameworks */,
				2DB7470E2D07FF5A00C5211A /* Resources */,
			);
			buildRules = (
			);
			dependencies = (
				2DB747122D07FF5A00C5211A /* PBXTargetDependency */,
			);
			fileSystemSynchronizedGroups = (
				2DB747132D07FF5A00C5211A /* edge-tts-macUITests */,
			);
			name = "edge-tts-macUITests";
			packageProductDependencies = (
			);
			productName = "edge-tts-macUITests";
			productReference = 2DB747102D07FF5A00C5211A /* edge-tts-macUITests.xctest */;
			productType = "com.apple.product-type.bundle.ui-testing";
		};
/* End PBXNativeTarget section */

/* Begin PBXProject section */
		2DB746ED2D07FF5700C5211A /* Project object */ = {
			isa = PBXProject;
			attributes = {
				BuildIndependentTargetsInParallel = 1;
				LastSwiftUpdateCheck = 1610;
				LastUpgradeCheck = 1610;
				TargetAttributes = {
					2DB746F42D07FF5700C5211A = {
						CreatedOnToolsVersion = 16.1;
					};
					2DB747052D07FF5A00C5211A = {
						CreatedOnToolsVersion = 16.1;
						TestTargetID = 2DB746F42D07FF5700C5211A;
					};
					2DB7470F2D07FF5A00C5211A = {
						CreatedOnToolsVersion = 16.1;
						TestTargetID = 2DB746F42D07FF5700C5211A;
					};
				};
			};
			buildConfigurationList = 2DB746F02D07FF5700C5211A /* Build configuration list for PBXProject "edge-tts-mac" */;
			developmentRegion = en;
			hasScannedForEncodings = 0;
			knownRegions = (
				en,
				Base,
			);
			mainGroup = 2DB746EC2D07FF5700C5211A;
			minimizedProjectReferenceProxies = 1;
			preferredProjectObjectVersion = 77;
			productRefGroup = 2DB746F62D07FF5700C5211A /* Products */;
			projectDirPath = "";
			projectRoot = "";
			targets = (
				2DB746F42D07FF5700C5211A /* edge-tts-mac */,
				2DB747052D07FF5A00C5211A /* edge-tts-macTests */,
				2DB7470F2D07FF5A00C5211A /* edge-tts-macUITests */,
			);
		};
/* End PBXProject section */

/* Begin PBXResourcesBuildPhase section */
		2DB746F32D07FF5700C5211A /* Resources */ = {
			isa = PBXResourcesBuildPhase;
			buildActionMask = 2147483647;
			files = (
				2DDB862B2D08558C00E7F7A7 /* README.md in Resources */,
			);
			runOnlyForDeploymentPostprocessing = 0;
		};
		2DB747042D07FF5A00C5211A /* Resources */ = {
			isa = PBXResourcesBuildPhase;
			buildActionMask = 2147483647;
			files = (
			);
			runOnlyForDeploymentPostprocessing = 0;
		};
		2DB7470E2D07FF5A00C5211A /* Resources */ = {
			isa = PBXResourcesBuildPhase;
			buildActionMask = 2147483647;
			files = (
			);
			runOnlyForDeploymentPostprocessing = 0;
		};
/* End PBXResourcesBuildPhase section */

/* Begin PBXSourcesBuildPhase section */
		2DB746F12D07FF5700C5211A /* Sources */ = {
			isa = PBXSourcesBuildPhase;
			buildActionMask = 2147483647;
			files = (
			);
			runOnlyForDeploymentPostprocessing = 0;
		};
		2DB747022D07FF5A00C5211A /* Sources */ = {
			isa = PBXSourcesBuildPhase;
			buildActionMask = 2147483647;
			files = (
			);
			runOnlyForDeploymentPostprocessing = 0;
		};
		2DB7470C2D07FF5A00C5211A /* Sources */ = {
			isa = PBXSourcesBuildPhase;
			buildActionMask = 2147483647;
			files = (
			);
			runOnlyForDeploymentPostprocessing = 0;
		};
/* End PBXSourcesBuildPhase section */

/* Begin PBXTargetDependency section */
		2DB747082D07FF5A00C5211A /* PBXTargetDependency */ = {
			isa = PBXTargetDependency;
			target = 2DB746F42D07FF5700C5211A /* edge-tts-mac */;
			targetProxy = 2DB747072D07FF5A00C5211A /* PBXContainerItemProxy */;
		};
		2DB747122D07FF5A00C5211A /* PBXTargetDependency */ = {
			isa = PBXTargetDependency;
			target = 2DB746F42D07FF5700C5211A /* edge-tts-mac */;
			targetProxy = 2DB747112D07FF5A00C5211A /* PBXContainerItemProxy */;
		};
/* End PBXTargetDependency section */

/* Begin XCBuildConfiguration section */
		2DB747182D07FF5A00C5211A /* Debug */ = {
			isa = XCBuildConfiguration;
			buildSettings = {
				ALWAYS_SEARCH_USER_PATHS = NO;
				ASSETCATALOG_COMPILER_GENERATE_SWIFT_ASSET_SYMBOL_EXTENSIONS = YES;
				CLANG_ANALYZER_NONNULL = YES;
				CLANG_ANALYZER_NUMBER_OBJECT_CONVERSION = YES_AGGRESSIVE;
				CLANG_CXX_LANGUAGE_STANDARD = "gnu++20";
				CLANG_ENABLE_MODULES = YES;
				CLANG_ENABLE_OBJC_ARC = YES;
				CLANG_ENABLE_OBJC_WEAK = YES;
				CLANG_WARN_BLOCK_CAPTURE_AUTORELEASING = YES;
				CLANG_WARN_BOOL_CONVERSION = YES;
				CLANG_WARN_COMMA = YES;
				CLANG_WARN_CONSTANT_CONVERSION = YES;
				CLANG_WARN_DEPRECATED_OBJC_IMPLEMENTATIONS = YES;
				CLANG_WARN_DIRECT_OBJC_ISA_USAGE = YES_ERROR;
				CLANG_WARN_DOCUMENTATION_COMMENTS = YES;
				CLANG_WARN_EMPTY_BODY = YES;
				CLANG_WARN_ENUM_CONVERSION = YES;
				CLANG_WARN_INFINITE_RECURSION = YES;
				CLANG_WARN_INT_CONVERSION = YES;
				CLANG_WARN_NON_LITERAL_NULL_CONVERSION = YES;
				CLANG_WARN_OBJC_IMPLICIT_RETAIN_SELF = YES;
				CLANG_WARN_OBJC_LITERAL_CONVERSION = YES;
				CLANG_WARN_OBJC_ROOT_CLASS = YES_ERROR;
				CLANG_WARN_QUOTED_INCLUDE_IN_FRAMEWORK_HEADER = YES;
				CLANG_WARN_RANGE_LOOP_ANALYSIS = YES;
				CLANG_WARN_STRICT_PROTOTYPES = YES;
				CLANG_WARN_SUSPICIOUS_MOVE = YES;
				CLANG_WARN_UNGUARDED_AVAILABILITY = YES_AGGRESSIVE;
				CLANG_WARN_UNREACHABLE_CODE = YES;
				CLANG_WARN__DUPLICATE_METHOD_MATCH = YES;
				COPY_PHASE_STRIP = NO;
				DEBUG_INFORMATION_FORMAT = dwarf;
				ENABLE_STRICT_OBJC_MSGSEND = YES;
				ENABLE_TESTABILITY = YES;
				ENABLE_USER_SCRIPT_SANDBOXING = YES;
				GCC_C_LANGUAGE_STANDARD = gnu17;
				GCC_DYNAMIC_NO_PIC = NO;
				GCC_NO_COMMON_BLOCKS = YES;
				GCC_OPTIMIZATION_LEVEL = 0;
				GCC_PREPROCESSOR_DEFINITIONS = (
					"DEBUG=1",
					"$(inherited)",
				);
				GCC_WARN_64_TO_32_BIT_CONVERSION = YES;
				GCC_WARN_ABOUT_RETURN_TYPE = YES_ERROR;
				GCC_WARN_UNDECLARED_SELECTOR = YES;
				GCC_WARN_UNINITIALIZED_AUTOS = YES_AGGRESSIVE;
				GCC_WARN_UNUSED_FUNCTION = YES;
				GCC_WARN_UNUSED_VARIABLE = YES;
				LOCALIZATION_PREFERS_STRING_CATALOGS = YES;
				MACOSX_DEPLOYMENT_TARGET = 15.1;
				MTL_ENABLE_DEBUG_INFO = INCLUDE_SOURCE;
				MTL_FAST_MATH = YES;
				ONLY_ACTIVE_ARCH = YES;
				SDKROOT = macosx;
				SWIFT_ACTIVE_COMPILATION_CONDITIONS = "DEBUG $(inherited)";
				SWIFT_OPTIMIZATION_LEVEL = "-Onone";
			};
			name = Debug;
		};
		2DB747192D07FF5A00C5211A /* Release */ = {
			isa = XCBuildConfiguration;
			buildSettings = {
				ALWAYS_SEARCH_USER_PATHS = NO;
				ASSETCATALOG_COMPILER_GENERATE_SWIFT_ASSET_SYMBOL_EXTENSIONS = YES;
				CLANG_ANALYZER_NONNULL = YES;
				CLANG_ANALYZER_NUMBER_OBJECT_CONVERSION = YES_AGGRESSIVE;
				CLANG_CXX_LANGUAGE_STANDARD = "gnu++20";
				CLANG_ENABLE_MODULES = YES;
				CLANG_ENABLE_OBJC_ARC = YES;
				CLANG_ENABLE_OBJC_WEAK = YES;
				CLANG_WARN_BLOCK_CAPTURE_AUTORELEASING = YES;
				CLANG_WARN_BOOL_CONVERSION = YES;
				CLANG_WARN_COMMA = YES;
				CLANG_WARN_CONSTANT_CONVERSION = YES;
				CLANG_WARN_DEPRECATED_OBJC_IMPLEMENTATIONS = YES;
				CLANG_WARN_DIRECT_OBJC_ISA_USAGE = YES_ERROR;
				CLANG_WARN_DOCUMENTATION_COMMENTS = YES;
				CLANG_WARN_EMPTY_BODY = YES;
				CLANG_WARN_ENUM_CONVERSION = YES;
				CLANG_WARN_INFINITE_RECURSION = YES;
				CLANG_WARN_INT_CONVERSION = YES;
				CLANG_WARN_NON_LITERAL_NULL_CONVERSION = YES;
				CLANG_WARN_OBJC_IMPLICIT_RETAIN_SELF = YES;
				CLANG_WARN_OBJC_LITERAL_CONVERSION = YES;
				CLANG_WARN_OBJC_ROOT_CLASS = YES_ERROR;
				CLANG_WARN_QUOTED_INCLUDE_IN_FRAMEWORK_HEADER = YES;
				CLANG_WARN_RANGE_LOOP_ANALYSIS = YES;
				CLANG_WARN_STRICT_PROTOTYPES = YES;
				CLANG_WARN_SUSPICIOUS_MOVE = YES;
				CLANG_WARN_UNGUARDED_AVAILABILITY = YES_AGGRESSIVE;
				CLANG_WARN_UNREACHABLE_CODE = YES;
				CLANG_WARN__DUPLICATE_METHOD_MATCH = YES;
				COPY_PHASE_STRIP = NO;
				DEBUG_INFORMATION_FORMAT = "dwarf-with-dsym";
				ENABLE_NS_ASSERTIONS = NO;
				ENABLE_STRICT_OBJC_MSGSEND = YES;
				ENABLE_USER_SCRIPT_SANDBOXING = YES;
				GCC_C_LANGUAGE_STANDARD = gnu17;
				GCC_NO_COMMON_BLOCKS = YES;
				GCC_WARN_64_TO_32_BIT_CONVERSION = YES;
				GCC_WARN_ABOUT_RETURN_TYPE = YES_ERROR;
				GCC_WARN_UNDECLARED_SELECTOR = YES;
				GCC_WARN_UNINITIALIZED_AUTOS = YES_AGGRESSIVE;
				GCC_WARN_UNUSED_FUNCTION = YES;
				GCC_WARN_UNUSED_VARIABLE = YES;
				LOCALIZATION_PREFERS_STRING_CATALOGS = YES;
				MACOSX_DEPLOYMENT_TARGET = 15.1;
				MTL_ENABLE_DEBUG_INFO = NO;
				MTL_FAST_MATH = YES;
				SDKROOT = macosx;
				SWIFT_COMPILATION_MODE = wholemodule;
			};
			name = Release;
		};
		2DB7471B2D07FF5A00C5211A /* Debug */ = {
			isa = XCBuildConfiguration;
			buildSettings = {
				ASSETCATALOG_COMPILER_APPICON_NAME = AppIcon;
				ASSETCATALOG_COMPILER_GLOBAL_ACCENT_COLOR_NAME = AccentColor;
				CODE_SIGN_ENTITLEMENTS = "edge-tts-mac/edge_tts_mac.entitlements";
				CODE_SIGN_STYLE = Automatic;
				COMBINE_HIDPI_IMAGES = YES;
				CURRENT_PROJECT_VERSION = 1;
				DEVELOPMENT_ASSET_PATHS = "\"edge-tts-mac/Preview Content\"";
				DEVELOPMENT_TEAM = 88RSZ3J7KH;
				ENABLE_HARDENED_RUNTIME = YES;
				ENABLE_PREVIEWS = YES;
				GENERATE_INFOPLIST_FILE = YES;
				INFOPLIST_KEY_NSHumanReadableCopyright = "";
				LD_RUNPATH_SEARCH_PATHS = (
					"$(inherited)",
					"@executable_path/../Frameworks",
				);
				MARKETING_VERSION = 1.0;
				PRODUCT_BUNDLE_IDENTIFIER = "sanxi.edge-tts-mac";
				PRODUCT_NAME = "$(TARGET_NAME)";
				SWIFT_EMIT_LOC_STRINGS = YES;
				SWIFT_VERSION = 5.0;
			};
			name = Debug;
		};
		2DB7471C2D07FF5A00C5211A /* Release */ = {
			isa = XCBuildConfiguration;
			buildSettings = {
				ASSETCATALOG_COMPILER_APPICON_NAME = AppIcon;
				ASSETCATALOG_COMPILER_GLOBAL_ACCENT_COLOR_NAME = AccentColor;
				CODE_SIGN_ENTITLEMENTS = "edge-tts-mac/edge_tts_mac.entitlements";
				CODE_SIGN_STYLE = Automatic;
				COMBINE_HIDPI_IMAGES = YES;
				CURRENT_PROJECT_VERSION = 1;
				DEVELOPMENT_ASSET_PATHS = "\"edge-tts-mac/Preview Content\"";
				DEVELOPMENT_TEAM = 88RSZ3J7KH;
				ENABLE_HARDENED_RUNTIME = YES;
				ENABLE_PREVIEWS = YES;
				GENERATE_INFOPLIST_FILE = YES;
				INFOPLIST_KEY_NSHumanReadableCopyright = "";
				LD_RUNPATH_SEARCH_PATHS = (
					"$(inherited)",
					"@executable_path/../Frameworks",
				);
				MARKETING_VERSION = 1.0;
				PRODUCT_BUNDLE_IDENTIFIER = "sanxi.edge-tts-mac";
				PRODUCT_NAME = "$(TARGET_NAME)";
				SWIFT_EMIT_LOC_STRINGS = YES;
				SWIFT_VERSION = 5.0;
			};
			name = Release;
		};
		2DB7471E2D07FF5A00C5211A /* Debug */ = {
			isa = XCBuildConfiguration;
			buildSettings = {
				BUNDLE_LOADER = "$(TEST_HOST)";
				CODE_SIGN_STYLE = Automatic;
				CURRENT_PROJECT_VERSION = 1;
				DEVELOPMENT_TEAM = 88RSZ3J7KH;
				GENERATE_INFOPLIST_FILE = YES;
				MACOSX_DEPLOYMENT_TARGET = 15.1;
				MARKETING_VERSION = 1.0;
				PRODUCT_BUNDLE_IDENTIFIER = "sanxi.edge-tts-macTests";
				PRODUCT_NAME = "$(TARGET_NAME)";
				SWIFT_EMIT_LOC_STRINGS = NO;
				SWIFT_VERSION = 5.0;
				TEST_HOST = "$(BUILT_PRODUCTS_DIR)/edge-tts-mac.app/$(BUNDLE_EXECUTABLE_FOLDER_PATH)/edge-tts-mac";
			};
			name = Debug;
		};
		2DB7471F2D07FF5A00C5211A /* Release */ = {
			isa = XCBuildConfiguration;
			buildSettings = {
				BUNDLE_LOADER = "$(TEST_HOST)";
				CODE_SIGN_STYLE = Automatic;
				CURRENT_PROJECT_VERSION = 1;
				DEVELOPMENT_TEAM = 88RSZ3J7KH;
				GENERATE_INFOPLIST_FILE = YES;
				MACOSX_DEPLOYMENT_TARGET = 15.1;
				MARKETING_VERSION = 1.0;
				PRODUCT_BUNDLE_IDENTIFIER = "sanxi.edge-tts-macTests";
				PRODUCT_NAME = "$(TARGET_NAME)";
				SWIFT_EMIT_LOC_STRINGS = NO;
				SWIFT_VERSION = 5.0;
				TEST_HOST = "$(BUILT_PRODUCTS_DIR)/edge-tts-mac.app/$(BUNDLE_EXECUTABLE_FOLDER_PATH)/edge-tts-mac";
			};
			name = Release;
		};
		2DB747212D07FF5A00C5211A /* Debug */ = {
			isa = XCBuildConfiguration;
			buildSettings = {
				CODE_SIGN_STYLE = Automatic;
				CURRENT_PROJECT_VERSION = 1;
				DEVELOPMENT_TEAM = 88RSZ3J7KH;
				GENERATE_INFOPLIST_FILE = YES;
				MARKETING_VERSION = 1.0;
				PRODUCT_BUNDLE_IDENTIFIER = "sanxi.edge-tts-macUITests";
				PRODUCT_NAME = "$(TARGET_NAME)";
				SWIFT_EMIT_LOC_STRINGS = NO;
				SWIFT_VERSION = 5.0;
				TEST_TARGET_NAME = "edge-tts-mac";
			};
			name = Debug;
		};
		2DB747222D07FF5A00C5211A /* Release */ = {
			isa = XCBuildConfiguration;
			buildSettings = {
				CODE_SIGN_STYLE = Automatic;
				CURRENT_PROJECT_VERSION = 1;
				DEVELOPMENT_TEAM = 88RSZ3J7KH;
				GENERATE_INFOPLIST_FILE = YES;
				MARKETING_VERSION = 1.0;
				PRODUCT_BUNDLE_IDENTIFIER = "sanxi.edge-tts-macUITests";
				PRODUCT_NAME = "$(TARGET_NAME)";
				SWIFT_EMIT_LOC_STRINGS = NO;
				SWIFT_VERSION = 5.0;
				TEST_TARGET_NAME = "edge-tts-mac";
			};
			name = Release;
		};
/* End XCBuildConfiguration section */

/* Begin XCConfigurationList section */
		2DB746F02D07FF5700C5211A /* Build configuration list for PBXProject "edge-tts-mac" */ = {
			isa = XCConfigurationList;
			buildConfigurations = (
				2DB747182D07FF5A00C5211A /* Debug */,
				2DB747192D07FF5A00C5211A /* Release */,
			);
			defaultConfigurationIsVisible = 0;
			defaultConfigurationName = Release;
		};
		2DB7471A2D07FF5A00C5211A /* Build configuration list for PBXNativeTarget "edge-tts-mac" */ = {
			isa = XCConfigurationList;
			buildConfigurations = (
				2DB7471B2D07FF5A00C5211A /* Debug */,
				2DB7471C2D07FF5A00C5211A /* Release */,
			);
			defaultConfigurationIsVisible = 0;
			defaultConfigurationName = Release;
		};
		2DB7471D2D07FF5A00C5211A /* Build configuration list for PBXNativeTarget "edge-tts-macTests" */ = {
			isa = XCConfigurationList;
			buildConfigurations = (
				2DB7471E2D07FF5A00C5211A /* Debug */,
				2DB7471F2D07FF5A00C5211A /* Release */,
			);
			defaultConfigurationIsVisible = 0;
			defaultConfigurationName = Release;
		};
		2DB747202D07FF5A00C5211A /* Build configuration list for PBXNativeTarget "edge-tts-macUITests" */ = {
			isa = XCConfigurationList;
			buildConfigurations = (
				2DB747212D07FF5A00C5211A /* Debug */,
				2DB747222D07FF5A00C5211A /* Release */,
			);
			defaultConfigurationIsVisible = 0;
			defaultConfigurationName = Release;
		};
/* End XCConfigurationList section */
	};
	rootObject = 2DB746ED2D07FF5700C5211A /* Project object */;
}
